
Microsoft Visual Studio Solution File, Format Version 12.00
# Visual Studio Express 2012 for Windows Desktop
Project("{F184B08F-C81C-45F6-A57F-5ABD9991F28F}") = "Miitopia-Save-Editor", "Miitopia-Save-Editor\Miitopia-Save-Editor.vbproj", "{48E34164-9968-4178-BEAF-B24A6130C5F4}"
EndProject
Global
	GlobalSection(SolutionConfigurationPlatforms) = preSolution
		Debug|Any CPU = Debug|Any CPU
		Release|Any CPU = Release|Any CPU
	EndGlobalSection
	GlobalSection(ProjectConfigurationPlatforms) = postSolution
		{48E34164-9968-4178-BEAF-B24A6130C5F4}.Debug|Any CPU.ActiveCfg = Debug|Any CPU
		{48E34164-9968-4178-BEAF-B24A6130C5F4}.Debug|Any CPU.Build.0 = Debug|Any CPU
		{48E34164-9968-4178-BEAF-B24A6130C5F4}.Release|Any CPU.ActiveCfg = Release|Any CPU
		{48E34164-9968-4178-BEAF-B24A6130C5F4}.Release|Any CPU.Build.0 = Release|Any CPU
	EndGlobalSection
	GlobalSection(SolutionProperties) = preSolution
		HideSolutionNode = FALSE
	EndGlobalSection
EndGlobal
